
Microsoft Visual Studio Solution File, Format Version 12.00
# Visual Studio Version 17
VisualStudioVersion = 17.11.35303.130
MinimumVisualStudioVersion = 10.0.40219.1
Project("{FAE04EC0-301F-11D3-BF4B-00C04F79EFBC}") = "ThreadLab", "ThreadLab\ThreadLab.csproj", "{879AB78C-9796-4516-A887-F971A9DC5A7E}"
EndProject
Project("{FAE04EC0-301F-11D3-BF4B-00C04F79EFBC}") = "UsingSemaphore", "UsingSemaphore\UsingSemaphore.csproj", "{89C28424-F61A-4CE5-AD37-F36771D0A303}"
EndProject
Global
	GlobalSection(SolutionConfigurationPlatforms) = preSolution
		Debug|Any CPU = Debug|Any CPU
		Release|Any CPU = Release|Any CPU
	EndGlobalSection
	GlobalSection(ProjectConfigurationPlatforms) = postSolution
		{879AB78C-9796-4516-A887-F971A9DC5A7E}.Debug|Any CPU.ActiveCfg = Debug|Any CPU
		{879AB78C-9796-4516-A887-F971A9DC5A7E}.Debug|Any CPU.Build.0 = Debug|Any CPU
		{879AB78C-9796-4516-A887-F971A9DC5A7E}.Release|Any CPU.ActiveCfg = Release|Any CPU
		{879AB78C-9796-4516-A887-F971A9DC5A7E}.Release|Any CPU.Build.0 = Release|Any CPU
		{89C28424-F61A-4CE5-AD37-F36771D0A303}.Debug|Any CPU.ActiveCfg = Debug|Any CPU
		{89C28424-F61A-4CE5-AD37-F36771D0A303}.Debug|Any CPU.Build.0 = Debug|Any CPU
		{89C28424-F61A-4CE5-AD37-F36771D0A303}.Release|Any CPU.ActiveCfg = Release|Any CPU
		{89C28424-F61A-4CE5-AD37-F36771D0A303}.Release|Any CPU.Build.0 = Release|Any CPU
	EndGlobalSection
	GlobalSection(SolutionProperties) = preSolution
		HideSolutionNode = FALSE
	EndGlobalSection
	GlobalSection(ExtensibilityGlobals) = postSolution
		SolutionGuid = {83802536-4E21-4A0D-8280-874537E86125}
	EndGlobalSection
EndGlobal
